// !$*UTF8*$!
{
	archiveVersion = 1;
	classes = {
	};
	objectVersion = 56;
	objects = {

/* Begin PBXBuildFile section */
		1A000001 /* PersonalAssistantApp.swift in Sources */ = {isa = PBXBuildFile; fileRef = 1A000011 /* PersonalAssistantApp.swift */; };
		1A000002 /* ContentView.swift in Sources */ = {isa = PBXBuildFile; fileRef = 1A000012 /* ContentView.swift */; };
		1A000003 /* HealthKitManager.swift in Sources */ = {isa = PBXBuildFile; fileRef = 1A000013 /* HealthKitManager.swift */; };
		1A000004 /* CloudKitManager.swift in Sources */ = {isa = PBXBuildFile; fileRef = 1A000014 /* CloudKitManager.swift */; };
		1A000005 /* DeviceMessagingService.swift in Sources */ = {isa = PBXBuildFile; fileRef = 1A000015 /* DeviceMessagingService.swift */; };
		1A000006 /* GoogleAuthService.swift in Sources */ = {isa = PBXBuildFile; fileRef = 1A000016 /* GoogleAuthService.swift */; };
		1A000007 /* GoogleContactsService.swift in Sources */ = {isa = PBXBuildFile; fileRef = 1A000017 /* GoogleContactsService.swift */; };
		1A000008 /* GoogleCalendarService.swift in Sources */ = {isa = PBXBuildFile; fileRef = 1A000018 /* GoogleCalendarService.swift */; };
		1A000009 /* GmailService.swift in Sources */ = {isa = PBXBuildFile; fileRef = 1A000019 /* GmailService.swift */; };
		1A00000A /* HealthData.swift in Sources */ = {isa = PBXBuildFile; fileRef = 1A000020 /* HealthData.swift */; };
		1A00000B /* DeviceInfo.swift in Sources */ = {isa = PBXBuildFile; fileRef = 1A000021 /* DeviceInfo.swift */; };
		1A00000C /* Message.swift in Sources */ = {isa = PBXBuildFile; fileRef = 1A000022 /* Message.swift */; };
		1A00000D /* HealthViewModel.swift in Sources */ = {isa = PBXBuildFile; fileRef = 1A000023 /* HealthViewModel.swift */; };
		1A00000E /* DevicesViewModel.swift in Sources */ = {isa = PBXBuildFile; fileRef = 1A000024 /* DevicesViewModel.swift */; };
		1A00000F /* GoogleServicesViewModel.swift in Sources */ = {isa = PBXBuildFile; fileRef = 1A000025 /* GoogleServicesViewModel.swift */; };
		1A000010 /* HealthView.swift in Sources */ = {isa = PBXBuildFile; fileRef = 1A000026 /* HealthView.swift */; };
		1A000030 /* DevicesView.swift in Sources */ = {isa = PBXBuildFile; fileRef = 1A000027 /* DevicesView.swift */; };
		1A000031 /* GoogleServicesView.swift in Sources */ = {isa = PBXBuildFile; fileRef = 1A000028 /* GoogleServicesView.swift */; };
		1A000032 /* Assets.xcassets in Resources */ = {isa = PBXBuildFile; fileRef = 1A000029 /* Assets.xcassets */; };
		1A000033 /* EncryptionHelper.swift in Sources */ = {isa = PBXBuildFile; fileRef = 1A000034 /* EncryptionHelper.swift */; };
/* End PBXBuildFile section */

/* Begin PBXFileReference section */
		1A000000 /* PersonalAssistant.app */ = {isa = PBXFileReference; explicitFileType = wrapper.application; includeInIndex = 0; path = PersonalAssistant.app; sourceTree = BUILT_PRODUCTS_DIR; };
		1A000011 /* PersonalAssistantApp.swift */ = {isa = PBXFileReference; lastKnownFileType = sourcecode.swift; path = PersonalAssistantApp.swift; sourceTree = "<group>"; };
		1A000012 /* ContentView.swift */ = {isa = PBXFileReference; lastKnownFileType = sourcecode.swift; path = ContentView.swift; sourceTree = "<group>"; };
		1A000013 /* HealthKitManager.swift */ = {isa = PBXFileReference; lastKnownFileType = sourcecode.swift; path = HealthKitManager.swift; sourceTree = "<group>"; };
		1A000014 /* CloudKitManager.swift */ = {isa = PBXFileReference; lastKnownFileType = sourcecode.swift; path = CloudKitManager.swift; sourceTree = "<group>"; };
		1A000015 /* DeviceMessagingService.swift */ = {isa = PBXFileReference; lastKnownFileType = sourcecode.swift; path = DeviceMessagingService.swift; sourceTree = "<group>"; };
		1A000016 /* GoogleAuthService.swift */ = {isa = PBXFileReference; lastKnownFileType = sourcecode.swift; path = GoogleAuthService.swift; sourceTree = "<group>"; };
		1A000017 /* GoogleContactsService.swift */ = {isa = PBXFileReference; lastKnownFileType = sourcecode.swift; path = GoogleContactsService.swift; sourceTree = "<group>"; };
		1A000018 /* GoogleCalendarService.swift */ = {isa = PBXFileReference; lastKnownFileType = sourcecode.swift; path = GoogleCalendarService.swift; sourceTree = "<group>"; };
		1A000019 /* GmailService.swift */ = {isa = PBXFileReference; lastKnownFileType = sourcecode.swift; path = GmailService.swift; sourceTree = "<group>"; };
		1A000020 /* HealthData.swift */ = {isa = PBXFileReference; lastKnownFileType = sourcecode.swift; path = HealthData.swift; sourceTree = "<group>"; };
		1A000021 /* DeviceInfo.swift */ = {isa = PBXFileReference; lastKnownFileType = sourcecode.swift; path = DeviceInfo.swift; sourceTree = "<group>"; };
		1A000022 /* Message.swift */ = {isa = PBXFileReference; lastKnownFileType = sourcecode.swift; path = Message.swift; sourceTree = "<group>"; };
		1A000023 /* HealthViewModel.swift */ = {isa = PBXFileReference; lastKnownFileType = sourcecode.swift; path = HealthViewModel.swift; sourceTree = "<group>"; };
		1A000024 /* DevicesViewModel.swift */ = {isa = PBXFileReference; lastKnownFileType = sourcecode.swift; path = DevicesViewModel.swift; sourceTree = "<group>"; };
		1A000025 /* GoogleServicesViewModel.swift */ = {isa = PBXFileReference; lastKnownFileType = sourcecode.swift; path = GoogleServicesViewModel.swift; sourceTree = "<group>"; };
		1A000026 /* HealthView.swift */ = {isa = PBXFileReference; lastKnownFileType = sourcecode.swift; path = HealthView.swift; sourceTree = "<group>"; };
		1A000027 /* DevicesView.swift */ = {isa = PBXFileReference; lastKnownFileType = sourcecode.swift; path = DevicesView.swift; sourceTree = "<group>"; };
		1A000028 /* GoogleServicesView.swift */ = {isa = PBXFileReference; lastKnownFileType = sourcecode.swift; path = GoogleServicesView.swift; sourceTree = "<group>"; };
		1A000029 /* Assets.xcassets */ = {isa = PBXFileReference; lastKnownFileType = folder.assetcatalog; path = Assets.xcassets; sourceTree = "<group>"; };
		1A000030 /* Info.plist */ = {isa = PBXFileReference; lastKnownFileType = text.plist.xml; path = Info.plist; sourceTree = "<group>"; };
		1A000031 /* PersonalAssistant.entitlements */ = {isa = PBXFileReference; lastKnownFileType = text.plist.entitlements; path = PersonalAssistant.entitlements; sourceTree = "<group>"; };
		1A000034 /* EncryptionHelper.swift */ = {isa = PBXFileReference; lastKnownFileType = sourcecode.swift; path = EncryptionHelper.swift; sourceTree = "<group>"; };
/* End PBXFileReference section */

/* Begin PBXFrameworksBuildPhase section */
		1AFFFFFF /* Frameworks */ = {
			isa = PBXFrameworksBuildPhase;
			buildActionMask = 2147483647;
			files = (
			);
			runOnlyForDeploymentPostprocessing = 0;
		};
/* End PBXFrameworksBuildPhase section */

/* Begin PBXGroup section */
		1AFFFFFE /* PersonalAssistant */ = {
			isa = PBXGroup;
			children = (
				1A000030 /* Info.plist */,
				1A000031 /* PersonalAssistant.entitlements */,
				1A000011 /* PersonalAssistantApp.swift */,
				1A000012 /* ContentView.swift */,
				1AFFFFFD /* Models */,
				1AFFFFFC /* Views */,
				1AFFFFFB /* Services */,
				1AFFFFFA /* ViewModels */,
				1AFFFFF9 /* Resources */,
			);
			path = PersonalAssistant;
			sourceTree = "<group>";
		};
		1AFFFFFD /* Models */ = {
			isa = PBXGroup;
			children = (
				1A000020 /* HealthData.swift */,
				1A000021 /* DeviceInfo.swift */,
				1A000022 /* Message.swift */,
			);
			path = Models;
			sourceTree = "<group>";
		};
		1AFFFFFC /* Views */ = {
			isa = PBXGroup;
			children = (
				1A000026 /* HealthView.swift */,
				1A000027 /* DevicesView.swift */,
				1A000028 /* GoogleServicesView.swift */,
			);
			path = Views;
			sourceTree = "<group>";
		};
		1AFFFFFB /* Services */ = {
			isa = PBXGroup;
			children = (
				1A000013 /* HealthKitManager.swift */,
				1A000014 /* CloudKitManager.swift */,
				1A000015 /* DeviceMessagingService.swift */,
				1A000016 /* GoogleAuthService.swift */,
				1A000017 /* GoogleContactsService.swift */,
				1A000018 /* GoogleCalendarService.swift */,
				1A000019 /* GmailService.swift */,
				1A000034 /* EncryptionHelper.swift */,
			);
			path = Services;
			sourceTree = "<group>";
		};
		1AFFFFFA /* ViewModels */ = {
			isa = PBXGroup;
			children = (
				1A000023 /* HealthViewModel.swift */,
				1A000024 /* DevicesViewModel.swift */,
				1A000025 /* GoogleServicesViewModel.swift */,
			);
			path = ViewModels;
			sourceTree = "<group>";
		};
		1AFFFFF9 /* Resources */ = {
			isa = PBXGroup;
			children = (
				1A000029 /* Assets.xcassets */,
			);
			path = Resources;
			sourceTree = "<group>";
		};
		1AFFFFFF1 = {
			isa = PBXGroup;
			children = (
				1AFFFFFE /* PersonalAssistant */,
				1AFFFFFF2 /* Products */,
			);
			sourceTree = "<group>";
		};
		1AFFFFFF2 /* Products */ = {
			isa = PBXGroup;
			children = (
				1A000000 /* PersonalAssistant.app */,
			);
			name = Products;
			sourceTree = "<group>";
		};
/* End PBXGroup section */

/* Begin PBXNativeTarget section */
		1AFFFFFE1 /* PersonalAssistant */ = {
			isa = PBXNativeTarget;
			buildConfigurationList = 1AFFFFFE2 /* Build configuration list for PBXNativeTarget "PersonalAssistant" */;
			buildPhases = (
				1AFFFFFE3 /* Sources */,
				1AFFFFFF /* Frameworks */,
				1AFFFFFE4 /* Resources */,
			);
			buildRules = (
			);
			dependencies = (
			);
			name = PersonalAssistant;
			productName = PersonalAssistant;
			productReference = 1A000000 /* PersonalAssistant.app */;
			productType = "com.apple.product-type.application";
		};
/* End PBXNativeTarget section */

/* Begin PBXProject section */
		1AFFFFFF0 /* Project object */ = {
			isa = PBXProject;
			attributes = {
				BuildIndependentTargetsInParallel = 1;
				LastSwiftUpdateCheck = 1500;
				LastUpgradeCheck = 1500;
				TargetAttributes = {
					1AFFFFFE1 = {
						CreatedOnToolsVersion = 15.0;
					};
				};
			};
			buildConfigurationList = 1AFFFFFF3 /* Build configuration list for PBXProject "PersonalAssistant" */;
			compatibilityVersion = "Xcode 14.0";
			developmentRegion = en;
			hasScannedForEncodings = 0;
			knownRegions = (
				en,
				Base,
			);
			mainGroup = 1AFFFFFF1;
			productRefGroup = 1AFFFFFF2 /* Products */;
			projectDirPath = "";
			projectRoot = "";
			targets = (
				1AFFFFFE1 /* PersonalAssistant */,
			);
		};
/* End PBXProject section */

/* Begin PBXResourcesBuildPhase section */
		1AFFFFFE4 /* Resources */ = {
			isa = PBXResourcesBuildPhase;
			buildActionMask = 2147483647;
			files = (
				1A000032 /* Assets.xcassets in Resources */,
			);
			runOnlyForDeploymentPostprocessing = 0;
		};
/* End PBXResourcesBuildPhase section */

/* Begin PBXSourcesBuildPhase section */
		1AFFFFFE3 /* Sources */ = {
			isa = PBXSourcesBuildPhase;
			buildActionMask = 2147483647;
			files = (
				1A000001 /* PersonalAssistantApp.swift in Sources */,
				1A000002 /* ContentView.swift in Sources */,
				1A000003 /* HealthKitManager.swift in Sources */,
				1A000004 /* CloudKitManager.swift in Sources */,
				1A000005 /* DeviceMessagingService.swift in Sources */,
				1A000006 /* GoogleAuthService.swift in Sources */,
				1A000007 /* GoogleContactsService.swift in Sources */,
				1A000008 /* GoogleCalendarService.swift in Sources */,
				1A000009 /* GmailService.swift in Sources */,
				1A00000A /* HealthData.swift in Sources */,
				1A00000B /* DeviceInfo.swift in Sources */,
				1A00000C /* Message.swift in Sources */,
				1A00000D /* HealthViewModel.swift in Sources */,
				1A00000E /* DevicesViewModel.swift in Sources */,
				1A00000F /* GoogleServicesViewModel.swift in Sources */,
				1A000010 /* HealthView.swift in Sources */,
				1A000030 /* DevicesView.swift in Sources */,
				1A000031 /* GoogleServicesView.swift in Sources */,
				1A000033 /* EncryptionHelper.swift in Sources */,
			);
			runOnlyForDeploymentPostprocessing = 0;
		};
/* End PBXSourcesBuildPhase section */

/* Begin XCBuildConfiguration section */
		1AFFFFFE5 /* Debug */ = {
			isa = XCBuildConfiguration;
			buildSettings = {
				ALWAYS_SEARCH_USER_PATHS = NO;
				ASSETCATALOG_COMPILER_GENERATE_SWIFT_ASSET_SYMBOL_EXTENSIONS = YES;
				CLANG_ANALYZER_NONNULL = YES;
				CLANG_ANALYZER_NUMBER_OBJECT_CONVERSION = YES_AGGRESSIVE;
				CLANG_CXX_LANGUAGE_STANDARD = "gnu++20";
				CLANG_ENABLE_MODULES = YES;
				CLANG_ENABLE_OBJC_ARC = YES;
				CLANG_ENABLE_OBJC_WEAK = YES;
				CLANG_WARN_BLOCK_CAPTURE_AUTORELEASING = YES;
				CLANG_WARN_BOOL_CONVERSION = YES;
				CLANG_WARN_COMMA = YES;
				CLANG_WARN_CONSTANT_CONVERSION = YES;
				CLANG_WARN_DEPRECATED_OBJC_IMPLEMENTATIONS = YES;
				CLANG_WARN_DIRECT_OBJC_ISA_USAGE = YES_ERROR;
				CLANG_WARN_DOCUMENTATION_COMMENTS = YES;
				CLANG_WARN_EMPTY_BODY = YES;
				CLANG_WARN_ENUM_CONVERSION = YES;
				CLANG_WARN_INFINITE_RECURSION = YES;
				CLANG_WARN_INT_CONVERSION = YES;
				CLANG_WARN_NON_LITERAL_NULL_CONVERSION = YES;
				CLANG_WARN_OBJC_IMPLICIT_RETAIN_SELF = YES;
				CLANG_WARN_OBJC_LITERAL_CONVERSION = YES;
				CLANG_WARN_OBJC_ROOT_CLASS = YES_ERROR;
				CLANG_WARN_QUOTED_INCLUDE_IN_FRAMEWORK_HEADER = YES;
				CLANG_WARN_RANGE_LOOP_ANALYSIS = YES;
				CLANG_WARN_STRICT_PROTOTYPES = YES;
				CLANG_WARN_SUSPICIOUS_MOVE = YES;
				CLANG_WARN_UNGUARDED_AVAILABILITY = YES_AGGRESSIVE;
				CLANG_WARN_UNREACHABLE_CODE = YES;
				CLANG_WARN__DUPLICATE_METHOD_MATCH = YES;
				COPY_PHASE_STRIP = NO;
				DEBUG_INFORMATION_FORMAT = dwarf;
				ENABLE_STRICT_OBJC_MSGSEND = YES;
				ENABLE_TESTABILITY = YES;
				ENABLE_USER_SCRIPT_SANDBOXING = YES;
				GCC_C_LANGUAGE_STANDARD = gnu17;
				GCC_DYNAMIC_NO_PIC = NO;
				GCC_NO_COMMON_BLOCKS = YES;
				GCC_OPTIMIZATION_LEVEL = 0;
				GCC_PREPROCESSOR_DEFINITIONS = (
					"DEBUG=1",
					"$(inherited)",
				);
				GCC_WARN_64_TO_32_BIT_CONVERSION = YES;
				GCC_WARN_ABOUT_RETURN_TYPE = YES_ERROR;
				GCC_WARN_UNDECLARED_SELECTOR = YES;
				GCC_WARN_UNINITIALIZED_AUTOS = YES_AGGRESSIVE;
				GCC_WARN_UNUSED_FUNCTION = YES;
				GCC_WARN_UNUSED_VARIABLE = YES;
				IPHONEOS_DEPLOYMENT_TARGET = 17.0;
				LOCALIZATION_PREFERS_STRING_CATALOGS = YES;
				MTL_ENABLE_DEBUG_INFO = INCLUDE_SOURCE;
				MTL_FAST_MATH = YES;
				ONLY_ACTIVE_ARCH = YES;
				SDKROOT = iphoneos;
				SWIFT_ACTIVE_COMPILATION_CONDITIONS = "DEBUG $(inherited)";
				SWIFT_OPTIMIZATION_LEVEL = "-Onone";
			};
			name = Debug;
		};
		1AFFFFFE6 /* Release */ = {
			isa = XCBuildConfiguration;
			buildSettings = {
				ALWAYS_SEARCH_USER_PATHS = NO;
				ASSETCATALOG_COMPILER_GENERATE_SWIFT_ASSET_SYMBOL_EXTENSIONS = YES;
				CLANG_ANALYZER_NONNULL = YES;
				CLANG_ANALYZER_NUMBER_OBJECT_CONVERSION = YES_AGGRESSIVE;
				CLANG_CXX_LANGUAGE_STANDARD = "gnu++20";
				CLANG_ENABLE_MODULES = YES;
				CLANG_ENABLE_OBJC_ARC = YES;
				CLANG_ENABLE_OBJC_WEAK = YES;
				CLANG_WARN_BLOCK_CAPTURE_AUTORELEASING = YES;
				CLANG_WARN_BOOL_CONVERSION = YES;
				CLANG_WARN_COMMA = YES;
				CLANG_WARN_CONSTANT_CONVERSION = YES;
				CLANG_WARN_DEPRECATED_OBJC_IMPLEMENTATIONS = YES;
				CLANG_WARN_DIRECT_OBJC_ISA_USAGE = YES_ERROR;
				CLANG_WARN_DOCUMENTATION_COMMENTS = YES;
				CLANG_WARN_EMPTY_BODY = YES;
				CLANG_WARN_ENUM_CONVERSION = YES;
				CLANG_WARN_INFINITE_RECURSION = YES;
				CLANG_WARN_INT_CONVERSION = YES;
				CLANG_WARN_NON_LITERAL_NULL_CONVERSION = YES;
				CLANG_WARN_OBJC_IMPLICIT_RETAIN_SELF = YES;
				CLANG_WARN_OBJC_LITERAL_CONVERSION = YES;
				CLANG_WARN_OBJC_ROOT_CLASS = YES_ERROR;
				CLANG_WARN_QUOTED_INCLUDE_IN_FRAMEWORK_HEADER = YES;
				CLANG_WARN_RANGE_LOOP_ANALYSIS = YES;
				CLANG_WARN_STRICT_PROTOTYPES = YES;
				CLANG_WARN_SUSPICIOUS_MOVE = YES;
				CLANG_WARN_UNGUARDED_AVAILABILITY = YES_AGGRESSIVE;
				CLANG_WARN_UNREACHABLE_CODE = YES;
				CLANG_WARN__DUPLICATE_METHOD_MATCH = YES;
				COPY_PHASE_STRIP = NO;
				DEBUG_INFORMATION_FORMAT = "dwarf-with-dsym";
				ENABLE_NS_ASSERTIONS = NO;
				ENABLE_STRICT_OBJC_MSGSEND = YES;
				ENABLE_USER_SCRIPT_SANDBOXING = YES;
				GCC_C_LANGUAGE_STANDARD = gnu17;
				GCC_NO_COMMON_BLOCKS = YES;
				GCC_WARN_64_TO_32_BIT_CONVERSION = YES;
				GCC_WARN_ABOUT_RETURN_TYPE = YES_ERROR;
				GCC_WARN_UNDECLARED_SELECTOR = YES;
				GCC_WARN_UNINITIALIZED_AUTOS = YES_AGGRESSIVE;
				GCC_WARN_UNUSED_FUNCTION = YES;
				GCC_WARN_UNUSED_VARIABLE = YES;
				IPHONEOS_DEPLOYMENT_TARGET = 17.0;
				LOCALIZATION_PREFERS_STRING_CATALOGS = YES;
				MTL_ENABLE_DEBUG_INFO = NO;
				MTL_FAST_MATH = YES;
				SDKROOT = iphoneos;
				SWIFT_COMPILATION_MODE = wholemodule;
				VALIDATE_PRODUCT = YES;
			};
			name = Release;
		};
		1AFFFFFE7 /* Debug */ = {
			isa = XCBuildConfiguration;
			buildSettings = {
				ASSETCATALOG_COMPILER_APPICON_NAME = AppIcon;
				ASSETCATALOG_COMPILER_GLOBAL_ACCENT_COLOR_NAME = AccentColor;
				CODE_SIGN_ENTITLEMENTS = PersonalAssistant/PersonalAssistant.entitlements;
				CODE_SIGN_STYLE = Automatic;
				CURRENT_PROJECT_VERSION = 1;
				DEVELOPMENT_TEAM = "";
				ENABLE_PREVIEWS = YES;
				GENERATE_INFOPLIST_FILE = NO;
				INFOPLIST_FILE = PersonalAssistant/Info.plist;
				INFOPLIST_KEY_NSHealthShareUsageDescription = "We need access to your health data to sync it securely to CloudKit";
				INFOPLIST_KEY_NSHealthUpdateUsageDescription = "We need access to update your health data";
				INFOPLIST_KEY_UIApplicationSceneManifest_Generation = YES;
				INFOPLIST_KEY_UIApplicationSupportsIndirectInputEvents = YES;
				INFOPLIST_KEY_UILaunchScreen_Generation = YES;
				INFOPLIST_KEY_UISupportedInterfaceOrientations = "UIInterfaceOrientationPortrait UIInterfaceOrientationLandscapeLeft UIInterfaceOrientationLandscapeRight";
				INFOPLIST_KEY_UISupportedInterfaceOrientations_iPad = "UIInterfaceOrientationPortrait UIInterfaceOrientationPortraitUpsideDown UIInterfaceOrientationLandscapeLeft UIInterfaceOrientationLandscapeRight";
				LD_RUNPATH_SEARCH_PATHS = (
					"$(inherited)",
					"@executable_path/Frameworks",
				);
				MARKETING_VERSION = 1.0;
				PRODUCT_BUNDLE_IDENTIFIER = com.yourcompany.PersonalAssistant;
				PRODUCT_NAME = "$(TARGET_NAME)";
				SWIFT_EMIT_LOC_STRINGS = YES;
				SWIFT_VERSION = 5.0;
				TARGETED_DEVICE_FAMILY = "1,2";
			};
			name = Debug;
		};
		1AFFFFFE8 /* Release */ = {
			isa = XCBuildConfiguration;
			buildSettings = {
				ASSETCATALOG_COMPILER_APPICON_NAME = AppIcon;
				ASSETCATALOG_COMPILER_GLOBAL_ACCENT_COLOR_NAME = AccentColor;
				CODE_SIGN_ENTITLEMENTS = PersonalAssistant/PersonalAssistant.entitlements;
				CODE_SIGN_STYLE = Automatic;
				CURRENT_PROJECT_VERSION = 1;
				DEVELOPMENT_TEAM = "";
				ENABLE_PREVIEWS = YES;
				GENERATE_INFOPLIST_FILE = NO;
				INFOPLIST_FILE = PersonalAssistant/Info.plist;
				INFOPLIST_KEY_NSHealthShareUsageDescription = "We need access to your health data to sync it securely to CloudKit";
				INFOPLIST_KEY_NSHealthUpdateUsageDescription = "We need access to update your health data";
				INFOPLIST_KEY_UIApplicationSceneManifest_Generation = YES;
				INFOPLIST_KEY_UIApplicationSupportsIndirectInputEvents = YES;
				INFOPLIST_KEY_UILaunchScreen_Generation = YES;
				INFOPLIST_KEY_UISupportedInterfaceOrientations = "UIInterfaceOrientationPortrait UIInterfaceOrientationLandscapeLeft UIInterfaceOrientationLandscapeRight";
				INFOPLIST_KEY_UISupportedInterfaceOrientations_iPad = "UIInterfaceOrientationPortrait UIInterfaceOrientationPortraitUpsideDown UIInterfaceOrientationLandscapeLeft UIInterfaceOrientationLandscapeRight";
				LD_RUNPATH_SEARCH_PATHS = (
					"$(inherited)",
					"@executable_path/Frameworks",
				);
				MARKETING_VERSION = 1.0;
				PRODUCT_BUNDLE_IDENTIFIER = com.yourcompany.PersonalAssistant;
				PRODUCT_NAME = "$(TARGET_NAME)";
				SWIFT_EMIT_LOC_STRINGS = YES;
				SWIFT_VERSION = 5.0;
				TARGETED_DEVICE_FAMILY = "1,2";
			};
			name = Release;
		};
/* End XCBuildConfiguration section */

/* Begin XCConfigurationList section */
		1AFFFFFF3 /* Build configuration list for PBXProject "PersonalAssistant" */ = {
			isa = XCConfigurationList;
			buildConfigurations = (
				1AFFFFFE5 /* Debug */,
				1AFFFFFE6 /* Release */,
			);
			defaultConfigurationIsVisible = 0;
			defaultConfigurationName = Release;
		};
		1AFFFFFE2 /* Build configuration list for PBXNativeTarget "PersonalAssistant" */ = {
			isa = XCConfigurationList;
			buildConfigurations = (
				1AFFFFFE7 /* Debug */,
				1AFFFFFE8 /* Release */,
			);
			defaultConfigurationIsVisible = 0;
			defaultConfigurationName = Release;
		};
/* End XCConfigurationList section */
	};
	rootObject = 1AFFFFFF0 /* Project object */;
}
